
Microsoft Visual Studio Solution File, Format Version 12.00
# Visual Studio Version 17
VisualStudioVersion = 17.10.34928.147
MinimumVisualStudioVersion = 10.0.40219.1
Project("{FAE04EC0-301F-11D3-BF4B-00C04F79EFBC}") = "School Managment System", "School Managment System\School Managment System.csproj", "{EFF7B425-0A51-4A6F-B84A-793E40F251CF}"
EndProject
Global
	GlobalSection(SolutionConfigurationPlatforms) = preSolution
		Debug|Any CPU = Debug|Any CPU
		Release|Any CPU = Release|Any CPU
	EndGlobalSection
	GlobalSection(ProjectConfigurationPlatforms) = postSolution
		{EFF7B425-0A51-4A6F-B84A-793E40F251CF}.Debug|Any CPU.ActiveCfg = Debug|Any CPU
		{EFF7B425-0A51-4A6F-B84A-793E40F251CF}.Debug|Any CPU.Build.0 = Debug|Any CPU
		{EFF7B425-0A51-4A6F-B84A-793E40F251CF}.Release|Any CPU.ActiveCfg = Release|Any CPU
		{EFF7B425-0A51-4A6F-B84A-793E40F251CF}.Release|Any CPU.Build.0 = Release|Any CPU
	EndGlobalSection
	GlobalSection(SolutionProperties) = preSolution
		HideSolutionNode = FALSE
	EndGlobalSection
	GlobalSection(ExtensibilityGlobals) = postSolution
		SolutionGuid = {6FD6B844-1496-4387-B823-E283EF73874E}
	EndGlobalSection
EndGlobal
